
Microsoft Visual Studio Solution File, Format Version 12.00
# Visual Studio 15
VisualStudioVersion = 15.0.27004.2010
MinimumVisualStudioVersion = 10.0.40219.1
Project("{9A19103F-16F7-4668-BE54-9A1E7A4F7556}") = "Learn.Core.Web", "Learn.Web\Learn.Core.Web.csproj", "{42A1E7DF-5EA6-4378-BDDB-3E61F2A42041}"
EndProject
Project("{9A19103F-16F7-4668-BE54-9A1E7A4F7556}") = "Learn.Core.API", "Learn.API\Learn.Core.API.csproj", "{68E5BCCE-9EAF-4FAD-BA97-2CE0844ECCBE}"
EndProject
Project("{9A19103F-16F7-4668-BE54-9A1E7A4F7556}") = "Learn.Core.BLL", "Learn.Core.BLL\Learn.Core.BLL.csproj", "{5423B3C8-ACE5-458F-A583-7D773CAB4F30}"
EndProject
Project("{9A19103F-16F7-4668-BE54-9A1E7A4F7556}") = "Learn.Core.IDAL", "Learn.Core.IDAL\Learn.Core.IDAL.csproj", "{F570FC1E-964C-4F12-82CD-45A4E1BBED5C}"
EndProject
Project("{9A19103F-16F7-4668-BE54-9A1E7A4F7556}") = "Learn.Core.DAL", "Learn.Core.DAL\Learn.Core.DAL.csproj", "{A22CECAE-C843-4D74-A4B7-A976204FF7E7}"
EndProject
Project("{9A19103F-16F7-4668-BE54-9A1E7A4F7556}") = "Learn.Core.Util", "Learn.Core.Util\Learn.Core.Util.csproj", "{7CBC800E-136E-411E-BD69-11E14EEAD60A}"
EndProject
Project("{9A19103F-16F7-4668-BE54-9A1E7A4F7556}") = "Learn.Core.Cache", "Learn.Core.Cache\Learn.Core.Cache.csproj", "{F5ED1246-06A6-405A-B982-25A7EC00B2D3}"
EndProject
Project("{2150E333-8FDC-42A3-9474-1A3956D46DE8}") = "应用缓存", "应用缓存", "{5F598603-A8A8-4181-9397-9882C0F373C6}"
EndProject
Project("{2150E333-8FDC-42A3-9474-1A3956D46DE8}") = "应用工具层", "应用工具层", "{EF1E720B-1C22-4A9A-BAD7-232338B91EB7}"
EndProject
Project("{2150E333-8FDC-42A3-9474-1A3956D46DE8}") = "应用业务处理层", "应用业务处理层", "{A8F39E20-B045-41C1-AA56-F71F7EB97FE4}"
EndProject
Project("{2150E333-8FDC-42A3-9474-1A3956D46DE8}") = "应用程序", "应用程序", "{DBC2109E-4968-41FD-A2EE-D8EBCE6D217F}"
EndProject
Project("{2150E333-8FDC-42A3-9474-1A3956D46DE8}") = "应用数据库核心层", "应用数据库核心层", "{A7E50C9E-DC37-462A-BB83-202AE5D8D205}"
EndProject
Project("{9A19103F-16F7-4668-BE54-9A1E7A4F7556}") = "Learn.Data", "Learn.Data\Learn.Data.csproj", "{5261F04C-A92A-4B24-B96E-FA18E0ED8F9D}"
EndProject
Project("{9A19103F-16F7-4668-BE54-9A1E7A4F7556}") = "Learn.Data.Dapper", "Learn.Data.Dapper\Learn.Data.Dapper.csproj", "{1330E3C4-5460-4843-81BA-84CD05B5FB48}"
EndProject
Project("{9A19103F-16F7-4668-BE54-9A1E7A4F7556}") = "Learn.Data.Repository", "Learn.Data.Repository\Learn.Data.Repository.csproj", "{3FACF5B7-FA3E-48B7-B0CE-002FF2D33A60}"
EndProject
Project("{9A19103F-16F7-4668-BE54-9A1E7A4F7556}") = "Learn.Core.Util.WebControl", "Learn.Core.Util.WebControl\Learn.Core.Util.WebControl.csproj", "{740BE65E-3BB0-4D2E-BF6A-DDA8DEEA38C7}"
EndProject
Project("{9A19103F-16F7-4668-BE54-9A1E7A4F7556}") = "Learn.Data.EF", "Learn.Data.EF\Learn.Data.EF.csproj", "{AEC285A9-7B0E-452F-A54D-3EB306F2250D}"
EndProject
Project("{2150E333-8FDC-42A3-9474-1A3956D46DE8}") = "Model", "Model", "{479ECEF9-1768-4965-9861-834556514582}"
EndProject
Project("{FAE04EC0-301F-11D3-BF4B-00C04F79EFBC}") = "Learn.Core.Entity", "Learn.Core.Entity\Learn.Core.Entity.csproj", "{DBEDAA3A-A2E5-41CF-B400-CA461ECEDFFA}"
EndProject
Project("{FAE04EC0-301F-11D3-BF4B-00C04F79EFBC}") = "Learn.Core.Util.SQLinq", "Learn.Core.Util.SQLinq\Learn.Core.Util.SQLinq.csproj", "{0DE5394C-9E52-4430-A716-3F26B3F5CCF1}"
EndProject
Global
	GlobalSection(SolutionConfigurationPlatforms) = preSolution
		Debug|Any CPU = Debug|Any CPU
		Release|Any CPU = Release|Any CPU
	EndGlobalSection
	GlobalSection(ProjectConfigurationPlatforms) = postSolution
		{42A1E7DF-5EA6-4378-BDDB-3E61F2A42041}.Debug|Any CPU.ActiveCfg = Debug|Any CPU
		{42A1E7DF-5EA6-4378-BDDB-3E61F2A42041}.Debug|Any CPU.Build.0 = Debug|Any CPU
		{42A1E7DF-5EA6-4378-BDDB-3E61F2A42041}.Release|Any CPU.ActiveCfg = Release|Any CPU
		{42A1E7DF-5EA6-4378-BDDB-3E61F2A42041}.Release|Any CPU.Build.0 = Release|Any CPU
		{68E5BCCE-9EAF-4FAD-BA97-2CE0844ECCBE}.Debug|Any CPU.ActiveCfg = Debug|Any CPU
		{68E5BCCE-9EAF-4FAD-BA97-2CE0844ECCBE}.Debug|Any CPU.Build.0 = Debug|Any CPU
		{68E5BCCE-9EAF-4FAD-BA97-2CE0844ECCBE}.Release|Any CPU.ActiveCfg = Release|Any CPU
		{68E5BCCE-9EAF-4FAD-BA97-2CE0844ECCBE}.Release|Any CPU.Build.0 = Release|Any CPU
		{5423B3C8-ACE5-458F-A583-7D773CAB4F30}.Debug|Any CPU.ActiveCfg = Debug|Any CPU
		{5423B3C8-ACE5-458F-A583-7D773CAB4F30}.Debug|Any CPU.Build.0 = Debug|Any CPU
		{5423B3C8-ACE5-458F-A583-7D773CAB4F30}.Release|Any CPU.ActiveCfg = Release|Any CPU
		{5423B3C8-ACE5-458F-A583-7D773CAB4F30}.Release|Any CPU.Build.0 = Release|Any CPU
		{F570FC1E-964C-4F12-82CD-45A4E1BBED5C}.Debug|Any CPU.ActiveCfg = Debug|Any CPU
		{F570FC1E-964C-4F12-82CD-45A4E1BBED5C}.Debug|Any CPU.Build.0 = Debug|Any CPU
		{F570FC1E-964C-4F12-82CD-45A4E1BBED5C}.Release|Any CPU.ActiveCfg = Release|Any CPU
		{F570FC1E-964C-4F12-82CD-45A4E1BBED5C}.Release|Any CPU.Build.0 = Release|Any CPU
		{A22CECAE-C843-4D74-A4B7-A976204FF7E7}.Debug|Any CPU.ActiveCfg = Debug|Any CPU
		{A22CECAE-C843-4D74-A4B7-A976204FF7E7}.Debug|Any CPU.Build.0 = Debug|Any CPU
		{A22CECAE-C843-4D74-A4B7-A976204FF7E7}.Release|Any CPU.ActiveCfg = Release|Any CPU
		{A22CECAE-C843-4D74-A4B7-A976204FF7E7}.Release|Any CPU.Build.0 = Release|Any CPU
		{7CBC800E-136E-411E-BD69-11E14EEAD60A}.Debug|Any CPU.ActiveCfg = Debug|Any CPU
		{7CBC800E-136E-411E-BD69-11E14EEAD60A}.Debug|Any CPU.Build.0 = Debug|Any CPU
		{7CBC800E-136E-411E-BD69-11E14EEAD60A}.Release|Any CPU.ActiveCfg = Release|Any CPU
		{7CBC800E-136E-411E-BD69-11E14EEAD60A}.Release|Any CPU.Build.0 = Release|Any CPU
		{F5ED1246-06A6-405A-B982-25A7EC00B2D3}.Debug|Any CPU.ActiveCfg = Debug|Any CPU
		{F5ED1246-06A6-405A-B982-25A7EC00B2D3}.Debug|Any CPU.Build.0 = Debug|Any CPU
		{F5ED1246-06A6-405A-B982-25A7EC00B2D3}.Release|Any CPU.ActiveCfg = Release|Any CPU
		{F5ED1246-06A6-405A-B982-25A7EC00B2D3}.Release|Any CPU.Build.0 = Release|Any CPU
		{5261F04C-A92A-4B24-B96E-FA18E0ED8F9D}.Debug|Any CPU.ActiveCfg = Debug|Any CPU
		{5261F04C-A92A-4B24-B96E-FA18E0ED8F9D}.Debug|Any CPU.Build.0 = Debug|Any CPU
		{5261F04C-A92A-4B24-B96E-FA18E0ED8F9D}.Release|Any CPU.ActiveCfg = Release|Any CPU
		{5261F04C-A92A-4B24-B96E-FA18E0ED8F9D}.Release|Any CPU.Build.0 = Release|Any CPU
		{1330E3C4-5460-4843-81BA-84CD05B5FB48}.Debug|Any CPU.ActiveCfg = Debug|Any CPU
		{1330E3C4-5460-4843-81BA-84CD05B5FB48}.Debug|Any CPU.Build.0 = Debug|Any CPU
		{1330E3C4-5460-4843-81BA-84CD05B5FB48}.Release|Any CPU.ActiveCfg = Release|Any CPU
		{1330E3C4-5460-4843-81BA-84CD05B5FB48}.Release|Any CPU.Build.0 = Release|Any CPU
		{3FACF5B7-FA3E-48B7-B0CE-002FF2D33A60}.Debug|Any CPU.ActiveCfg = Debug|Any CPU
		{3FACF5B7-FA3E-48B7-B0CE-002FF2D33A60}.Debug|Any CPU.Build.0 = Debug|Any CPU
		{3FACF5B7-FA3E-48B7-B0CE-002FF2D33A60}.Release|Any CPU.ActiveCfg = Release|Any CPU
		{3FACF5B7-FA3E-48B7-B0CE-002FF2D33A60}.Release|Any CPU.Build.0 = Release|Any CPU
		{740BE65E-3BB0-4D2E-BF6A-DDA8DEEA38C7}.Debug|Any CPU.ActiveCfg = Debug|Any CPU
		{740BE65E-3BB0-4D2E-BF6A-DDA8DEEA38C7}.Debug|Any CPU.Build.0 = Debug|Any CPU
		{740BE65E-3BB0-4D2E-BF6A-DDA8DEEA38C7}.Release|Any CPU.ActiveCfg = Release|Any CPU
		{740BE65E-3BB0-4D2E-BF6A-DDA8DEEA38C7}.Release|Any CPU.Build.0 = Release|Any CPU
		{AEC285A9-7B0E-452F-A54D-3EB306F2250D}.Debug|Any CPU.ActiveCfg = Debug|Any CPU
		{AEC285A9-7B0E-452F-A54D-3EB306F2250D}.Debug|Any CPU.Build.0 = Debug|Any CPU
		{AEC285A9-7B0E-452F-A54D-3EB306F2250D}.Release|Any CPU.ActiveCfg = Release|Any CPU
		{AEC285A9-7B0E-452F-A54D-3EB306F2250D}.Release|Any CPU.Build.0 = Release|Any CPU
		{DBEDAA3A-A2E5-41CF-B400-CA461ECEDFFA}.Debug|Any CPU.ActiveCfg = Debug|Any CPU
		{DBEDAA3A-A2E5-41CF-B400-CA461ECEDFFA}.Debug|Any CPU.Build.0 = Debug|Any CPU
		{DBEDAA3A-A2E5-41CF-B400-CA461ECEDFFA}.Release|Any CPU.ActiveCfg = Release|Any CPU
		{DBEDAA3A-A2E5-41CF-B400-CA461ECEDFFA}.Release|Any CPU.Build.0 = Release|Any CPU
		{0DE5394C-9E52-4430-A716-3F26B3F5CCF1}.Debug|Any CPU.ActiveCfg = Debug|Any CPU
		{0DE5394C-9E52-4430-A716-3F26B3F5CCF1}.Debug|Any CPU.Build.0 = Debug|Any CPU
		{0DE5394C-9E52-4430-A716-3F26B3F5CCF1}.Release|Any CPU.ActiveCfg = Release|Any CPU
		{0DE5394C-9E52-4430-A716-3F26B3F5CCF1}.Release|Any CPU.Build.0 = Release|Any CPU
	EndGlobalSection
	GlobalSection(SolutionProperties) = preSolution
		HideSolutionNode = FALSE
	EndGlobalSection
	GlobalSection(NestedProjects) = preSolution
		{42A1E7DF-5EA6-4378-BDDB-3E61F2A42041} = {DBC2109E-4968-41FD-A2EE-D8EBCE6D217F}
		{68E5BCCE-9EAF-4FAD-BA97-2CE0844ECCBE} = {DBC2109E-4968-41FD-A2EE-D8EBCE6D217F}
		{5423B3C8-ACE5-458F-A583-7D773CAB4F30} = {A8F39E20-B045-41C1-AA56-F71F7EB97FE4}
		{F570FC1E-964C-4F12-82CD-45A4E1BBED5C} = {A8F39E20-B045-41C1-AA56-F71F7EB97FE4}
		{A22CECAE-C843-4D74-A4B7-A976204FF7E7} = {A8F39E20-B045-41C1-AA56-F71F7EB97FE4}
		{7CBC800E-136E-411E-BD69-11E14EEAD60A} = {EF1E720B-1C22-4A9A-BAD7-232338B91EB7}
		{F5ED1246-06A6-405A-B982-25A7EC00B2D3} = {5F598603-A8A8-4181-9397-9882C0F373C6}
		{5261F04C-A92A-4B24-B96E-FA18E0ED8F9D} = {A7E50C9E-DC37-462A-BB83-202AE5D8D205}
		{1330E3C4-5460-4843-81BA-84CD05B5FB48} = {A7E50C9E-DC37-462A-BB83-202AE5D8D205}
		{3FACF5B7-FA3E-48B7-B0CE-002FF2D33A60} = {A7E50C9E-DC37-462A-BB83-202AE5D8D205}
		{740BE65E-3BB0-4D2E-BF6A-DDA8DEEA38C7} = {EF1E720B-1C22-4A9A-BAD7-232338B91EB7}
		{AEC285A9-7B0E-452F-A54D-3EB306F2250D} = {A7E50C9E-DC37-462A-BB83-202AE5D8D205}
		{479ECEF9-1768-4965-9861-834556514582} = {A8F39E20-B045-41C1-AA56-F71F7EB97FE4}
		{DBEDAA3A-A2E5-41CF-B400-CA461ECEDFFA} = {479ECEF9-1768-4965-9861-834556514582}
		{0DE5394C-9E52-4430-A716-3F26B3F5CCF1} = {EF1E720B-1C22-4A9A-BAD7-232338B91EB7}
	EndGlobalSection
	GlobalSection(ExtensibilityGlobals) = postSolution
		SolutionGuid = {D7B939CE-5017-4341-8E01-33CE96ECDDBA}
	EndGlobalSection
EndGlobal
